
Microsoft Visual Studio Solution File, Format Version 12.00
# Visual Studio Version 17
VisualStudioVersion = 17.11.35303.130
MinimumVisualStudioVersion = 10.0.40219.1
Project("{FAE04EC0-301F-11D3-BF4B-00C04F79EFBC}") = "Vzone", "Vzone.csproj", "{4BD845AE-06EB-4F7E-AE6A-F0614298877A}"
EndProject
Global
	GlobalSection(SolutionConfigurationPlatforms) = preSolution
		Debug|Any CPU = Debug|Any CPU
		Release|Any CPU = Release|Any CPU
	EndGlobalSection
	GlobalSection(ProjectConfigurationPlatforms) = postSolution
		{4BD845AE-06EB-4F7E-AE6A-F0614298877A}.Debug|Any CPU.ActiveCfg = Debug|Any CPU
		{4BD845AE-06EB-4F7E-AE6A-F0614298877A}.Debug|Any CPU.Build.0 = Debug|Any CPU
		{4BD845AE-06EB-4F7E-AE6A-F0614298877A}.Release|Any CPU.ActiveCfg = Release|Any CPU
		{4BD845AE-06EB-4F7E-AE6A-F0614298877A}.Release|Any CPU.Build.0 = Release|Any CPU
	EndGlobalSection
	GlobalSection(SolutionProperties) = preSolution
		HideSolutionNode = FALSE
	EndGlobalSection
	GlobalSection(ExtensibilityGlobals) = postSolution
		SolutionGuid = {CD16C4FF-3F6E-42FE-903E-44A7E0EF1347}
	EndGlobalSection
EndGlobal
